
Microsoft Visual Studio Solution File, Format Version 12.00
# Visual Studio Version 17
VisualStudioVersion = 17.10.35122.118
MinimumVisualStudioVersion = 10.0.40219.1
Project("{FAE04EC0-301F-11D3-BF4B-00C04F79EFBC}") = "Exponent Powers Table", "Exponent Powers Table\Exponent Powers Table.csproj", "{970D067A-3C1A-4F73-BB9B-22EA3FE4157D}"
EndProject
Global
	GlobalSection(SolutionConfigurationPlatforms) = preSolution
		Debug|Any CPU = Debug|Any CPU
		Release|Any CPU = Release|Any CPU
	EndGlobalSection
	GlobalSection(ProjectConfigurationPlatforms) = postSolution
		{970D067A-3C1A-4F73-BB9B-22EA3FE4157D}.Debug|Any CPU.ActiveCfg = Debug|Any CPU
		{970D067A-3C1A-4F73-BB9B-22EA3FE4157D}.Debug|Any CPU.Build.0 = Debug|Any CPU
		{970D067A-3C1A-4F73-BB9B-22EA3FE4157D}.Release|Any CPU.ActiveCfg = Release|Any CPU
		{970D067A-3C1A-4F73-BB9B-22EA3FE4157D}.Release|Any CPU.Build.0 = Release|Any CPU
	EndGlobalSection
	GlobalSection(SolutionProperties) = preSolution
		HideSolutionNode = FALSE
	EndGlobalSection
	GlobalSection(ExtensibilityGlobals) = postSolution
		SolutionGuid = {657A392C-9E49-4F6E-824D-C7BB2011FFD2}
	EndGlobalSection
EndGlobal
